
Microsoft Visual Studio Solution File, Format Version 12.00
# Visual Studio Version 16
VisualStudioVersion = 16.0.30413.136
MinimumVisualStudioVersion = 10.0.40219.1
Project("{9A19103F-16F7-4668-BE54-9A1E7A4F7556}") = "RecommandeNumeroGeneration", "RecommandeNumeroGeneration\RecommandeNumeroGeneration.csproj", "{827F5CDF-FF5E-4C2C-BA81-71953406D187}"
EndProject
Project("{9A19103F-16F7-4668-BE54-9A1E7A4F7556}") = "Website", "Website\Website.csproj", "{FC40F1FF-2776-4980-A346-1BBB467335CB}"
EndProject
Project("{9A19103F-16F7-4668-BE54-9A1E7A4F7556}") = "Website_UnderConstruction", "Website_UnderConstruction\Website_UnderConstruction.csproj", "{452264F7-CEA7-4E8B-84BE-FAC0C19A97E3}"
EndProject
Project("{FAE04EC0-301F-11D3-BF4B-00C04F79EFBC}") = "Website_New", "Website_New\Website_New.csproj", "{A799AD71-81E3-425A-B34D-7FC5CE45D526}"
EndProject
Global
	GlobalSection(SolutionConfigurationPlatforms) = preSolution
		Debug|Any CPU = Debug|Any CPU
		Release|Any CPU = Release|Any CPU
	EndGlobalSection
	GlobalSection(ProjectConfigurationPlatforms) = postSolution
		{827F5CDF-FF5E-4C2C-BA81-71953406D187}.Debug|Any CPU.ActiveCfg = Debug|Any CPU
		{827F5CDF-FF5E-4C2C-BA81-71953406D187}.Debug|Any CPU.Build.0 = Debug|Any CPU
		{827F5CDF-FF5E-4C2C-BA81-71953406D187}.Release|Any CPU.ActiveCfg = Release|Any CPU
		{827F5CDF-FF5E-4C2C-BA81-71953406D187}.Release|Any CPU.Build.0 = Release|Any CPU
		{FC40F1FF-2776-4980-A346-1BBB467335CB}.Debug|Any CPU.ActiveCfg = Debug|Any CPU
		{FC40F1FF-2776-4980-A346-1BBB467335CB}.Debug|Any CPU.Build.0 = Debug|Any CPU
		{FC40F1FF-2776-4980-A346-1BBB467335CB}.Release|Any CPU.ActiveCfg = Release|Any CPU
		{FC40F1FF-2776-4980-A346-1BBB467335CB}.Release|Any CPU.Build.0 = Release|Any CPU
		{452264F7-CEA7-4E8B-84BE-FAC0C19A97E3}.Debug|Any CPU.ActiveCfg = Debug|Any CPU
		{452264F7-CEA7-4E8B-84BE-FAC0C19A97E3}.Debug|Any CPU.Build.0 = Debug|Any CPU
		{452264F7-CEA7-4E8B-84BE-FAC0C19A97E3}.Release|Any CPU.ActiveCfg = Release|Any CPU
		{452264F7-CEA7-4E8B-84BE-FAC0C19A97E3}.Release|Any CPU.Build.0 = Release|Any CPU
		{A799AD71-81E3-425A-B34D-7FC5CE45D526}.Debug|Any CPU.ActiveCfg = Debug|Any CPU
		{A799AD71-81E3-425A-B34D-7FC5CE45D526}.Debug|Any CPU.Build.0 = Debug|Any CPU
		{A799AD71-81E3-425A-B34D-7FC5CE45D526}.Release|Any CPU.ActiveCfg = Release|Any CPU
		{A799AD71-81E3-425A-B34D-7FC5CE45D526}.Release|Any CPU.Build.0 = Release|Any CPU
	EndGlobalSection
	GlobalSection(SolutionProperties) = preSolution
		HideSolutionNode = FALSE
	EndGlobalSection
	GlobalSection(ExtensibilityGlobals) = postSolution
		SolutionGuid = {DE6F45AB-D2F5-45F6-9A6F-2C05C338740F}
	EndGlobalSection
EndGlobal
